{
  "object": {
    "pins": [
      {
        "package": "RSBarcodes_Swift",
        "repositoryURL": "https://github.com/alexisakers/RSBarcodes_Swift",
        "state": {
          "branch": "aakers/macos-support",
          "revision": "6b8634d765cee592b11a64186106355370e57480",
          "version": null
        }
      }
    ]
  },
  "version": 1
}
