// !$*UTF8*$!
{
	archiveVersion = 1;
	classes = {
	};
	objectVersion = 52;
	objects = {

/* Begin PBXBuildFile section */
		1F6728AB25FAC7BA008FE01B /* BarcodeType.swift in Sources */ = {isa = PBXBuildFile; fileRef = 1F6728AA25FAC7BA008FE01B /* BarcodeType.swift */; };
		1F67EB8525FA5424008FE01B /* AppDelegate.swift in Sources */ = {isa = PBXBuildFile; fileRef = 1F67EB8425FA5424008FE01B /* AppDelegate.swift */; };
		1F67EB8725FA5424008FE01B /* ContentView.swift in Sources */ = {isa = PBXBuildFile; fileRef = 1F67EB8625FA5424008FE01B /* ContentView.swift */; };
		1F67EB8925FA5427008FE01B /* Assets.xcassets in Resources */ = {isa = PBXBuildFile; fileRef = 1F67EB8825FA5427008FE01B /* Assets.xcassets */; };
		1F67EB8F25FA5427008FE01B /* Main.storyboard in Resources */ = {isa = PBXBuildFile; fileRef = 1F67EB8D25FA5427008FE01B /* Main.storyboard */; };
		1F67EB9E25FA62B9008FE01B /* RSBarcodes_Swift in Frameworks */ = {isa = PBXBuildFile; productRef = 1F67EB9D25FA62B9008FE01B /* RSBarcodes_Swift */; };
/* End PBXBuildFile section */

/* Begin PBXFileReference section */
		1F6728AA25FAC7BA008FE01B /* BarcodeType.swift */ = {isa = PBXFileReference; lastKnownFileType = sourcecode.swift; path = BarcodeType.swift; sourceTree = "<group>"; };
		1F67EB8125FA5424008FE01B /* QuickCode.app */ = {isa = PBXFileReference; explicitFileType = wrapper.application; includeInIndex = 0; path = QuickCode.app; sourceTree = BUILT_PRODUCTS_DIR; };
		1F67EB8425FA5424008FE01B /* AppDelegate.swift */ = {isa = PBXFileReference; lastKnownFileType = sourcecode.swift; path = AppDelegate.swift; sourceTree = "<group>"; };
		1F67EB8625FA5424008FE01B /* ContentView.swift */ = {isa = PBXFileReference; lastKnownFileType = sourcecode.swift; path = ContentView.swift; sourceTree = "<group>"; };
		1F67EB8825FA5427008FE01B /* Assets.xcassets */ = {isa = PBXFileReference; lastKnownFileType = folder.assetcatalog; path = Assets.xcassets; sourceTree = "<group>"; };
		1F67EB8E25FA5427008FE01B /* Base */ = {isa = PBXFileReference; lastKnownFileType = file.storyboard; name = Base; path = Base.lproj/Main.storyboard; sourceTree = "<group>"; };
		1F67EB9025FA5427008FE01B /* Info.plist */ = {isa = PBXFileReference; lastKnownFileType = text.plist.xml; path = Info.plist; sourceTree = "<group>"; };
		1F67EB9125FA5427008FE01B /* QuickCode.entitlements */ = {isa = PBXFileReference; lastKnownFileType = text.plist.entitlements; path = QuickCode.entitlements; sourceTree = "<group>"; };
/* End PBXFileReference section */

/* Begin PBXFrameworksBuildPhase section */
		1F67EB7E25FA5424008FE01B /* Frameworks */ = {
			isa = PBXFrameworksBuildPhase;
			buildActionMask = 2147483647;
			files = (
				1F67EB9E25FA62B9008FE01B /* RSBarcodes_Swift in Frameworks */,
			);
			runOnlyForDeploymentPostprocessing = 0;
		};
/* End PBXFrameworksBuildPhase section */

/* Begin PBXGroup section */
		1F67EB7825FA5424008FE01B = {
			isa = PBXGroup;
			children = (
				1F67EB8325FA5424008FE01B /* QuickCode */,
				1F67EB8225FA5424008FE01B /* Products */,
			);
			sourceTree = "<group>";
		};
		1F67EB8225FA5424008FE01B /* Products */ = {
			isa = PBXGroup;
			children = (
				1F67EB8125FA5424008FE01B /* QuickCode.app */,
			);
			name = Products;
			sourceTree = "<group>";
		};
		1F67EB8325FA5424008FE01B /* QuickCode */ = {
			isa = PBXGroup;
			children = (
				1F67EB8425FA5424008FE01B /* AppDelegate.swift */,
				1F67EB8625FA5424008FE01B /* ContentView.swift */,
				1F6728AA25FAC7BA008FE01B /* BarcodeType.swift */,
				1F67EB8825FA5427008FE01B /* Assets.xcassets */,
				1F67EB8D25FA5427008FE01B /* Main.storyboard */,
				1F67EB9025FA5427008FE01B /* Info.plist */,
				1F67EB9125FA5427008FE01B /* QuickCode.entitlements */,
			);
			path = QuickCode;
			sourceTree = "<group>";
		};
/* End PBXGroup section */

/* Begin PBXNativeTarget section */
		1F67EB8025FA5424008FE01B /* QuickCode */ = {
			isa = PBXNativeTarget;
			buildConfigurationList = 1F67EB9425FA5427008FE01B /* Build configuration list for PBXNativeTarget "QuickCode" */;
			buildPhases = (
				1F67EB7D25FA5424008FE01B /* Sources */,
				1F67EB7E25FA5424008FE01B /* Frameworks */,
				1F67EB7F25FA5424008FE01B /* Resources */,
			);
			buildRules = (
			);
			dependencies = (
			);
			name = QuickCode;
			packageProductDependencies = (
				1F67EB9D25FA62B9008FE01B /* RSBarcodes_Swift */,
			);
			productName = QuickCode;
			productReference = 1F67EB8125FA5424008FE01B /* QuickCode.app */;
			productType = "com.apple.product-type.application";
		};
/* End PBXNativeTarget section */

/* Begin PBXProject section */
		1F67EB7925FA5424008FE01B /* Project object */ = {
			isa = PBXProject;
			attributes = {
				LastSwiftUpdateCheck = 1210;
				LastUpgradeCheck = 1210;
				TargetAttributes = {
					1F67EB8025FA5424008FE01B = {
						CreatedOnToolsVersion = 12.1;
					};
				};
			};
			buildConfigurationList = 1F67EB7C25FA5424008FE01B /* Build configuration list for PBXProject "QuickCode" */;
			compatibilityVersion = "Xcode 9.3";
			developmentRegion = en;
			hasScannedForEncodings = 0;
			knownRegions = (
				en,
				Base,
			);
			mainGroup = 1F67EB7825FA5424008FE01B;
			packageReferences = (
				1F67EB9C25FA62B9008FE01B /* XCRemoteSwiftPackageReference "RSBarcodes_Swift" */,
			);
			productRefGroup = 1F67EB8225FA5424008FE01B /* Products */;
			projectDirPath = "";
			projectRoot = "";
			targets = (
				1F67EB8025FA5424008FE01B /* QuickCode */,
			);
		};
/* End PBXProject section */

/* Begin PBXResourcesBuildPhase section */
		1F67EB7F25FA5424008FE01B /* Resources */ = {
			isa = PBXResourcesBuildPhase;
			buildActionMask = 2147483647;
			files = (
				1F67EB8F25FA5427008FE01B /* Main.storyboard in Resources */,
				1F67EB8925FA5427008FE01B /* Assets.xcassets in Resources */,
			);
			runOnlyForDeploymentPostprocessing = 0;
		};
/* End PBXResourcesBuildPhase section */

/* Begin PBXSourcesBuildPhase section */
		1F67EB7D25FA5424008FE01B /* Sources */ = {
			isa = PBXSourcesBuildPhase;
			buildActionMask = 2147483647;
			files = (
				1F67EB8725FA5424008FE01B /* ContentView.swift in Sources */,
				1F67EB8525FA5424008FE01B /* AppDelegate.swift in Sources */,
				1F6728AB25FAC7BA008FE01B /* BarcodeType.swift in Sources */,
			);
			runOnlyForDeploymentPostprocessing = 0;
		};
/* End PBXSourcesBuildPhase section */

/* Begin PBXVariantGroup section */
		1F67EB8D25FA5427008FE01B /* Main.storyboard */ = {
			isa = PBXVariantGroup;
			children = (
				1F67EB8E25FA5427008FE01B /* Base */,
			);
			name = Main.storyboard;
			sourceTree = "<group>";
		};
/* End PBXVariantGroup section */

/* Begin XCBuildConfiguration section */
		1F67EB9225FA5427008FE01B /* Debug */ = {
			isa = XCBuildConfiguration;
			buildSettings = {
				ALWAYS_SEARCH_USER_PATHS = NO;
				CLANG_ANALYZER_NONNULL = YES;
				CLANG_ANALYZER_NUMBER_OBJECT_CONVERSION = YES_AGGRESSIVE;
				CLANG_CXX_LANGUAGE_STANDARD = "gnu++14";
				CLANG_CXX_LIBRARY = "libc++";
				CLANG_ENABLE_MODULES = YES;
				CLANG_ENABLE_OBJC_ARC = YES;
				CLANG_ENABLE_OBJC_WEAK = YES;
				CLANG_WARN_BLOCK_CAPTURE_AUTORELEASING = YES;
				CLANG_WARN_BOOL_CONVERSION = YES;
				CLANG_WARN_COMMA = YES;
				CLANG_WARN_CONSTANT_CONVERSION = YES;
				CLANG_WARN_DEPRECATED_OBJC_IMPLEMENTATIONS = YES;
				CLANG_WARN_DIRECT_OBJC_ISA_USAGE = YES_ERROR;
				CLANG_WARN_DOCUMENTATION_COMMENTS = YES;
				CLANG_WARN_EMPTY_BODY = YES;
				CLANG_WARN_ENUM_CONVERSION = YES;
				CLANG_WARN_INFINITE_RECURSION = YES;
				CLANG_WARN_INT_CONVERSION = YES;
				CLANG_WARN_NON_LITERAL_NULL_CONVERSION = YES;
				CLANG_WARN_OBJC_IMPLICIT_RETAIN_SELF = YES;
				CLANG_WARN_OBJC_LITERAL_CONVERSION = YES;
				CLANG_WARN_OBJC_ROOT_CLASS = YES_ERROR;
				CLANG_WARN_QUOTED_INCLUDE_IN_FRAMEWORK_HEADER = YES;
				CLANG_WARN_RANGE_LOOP_ANALYSIS = YES;
				CLANG_WARN_STRICT_PROTOTYPES = YES;
				CLANG_WARN_SUSPICIOUS_MOVE = YES;
				CLANG_WARN_UNGUARDED_AVAILABILITY = YES_AGGRESSIVE;
				CLANG_WARN_UNREACHABLE_CODE = YES;
				CLANG_WARN__DUPLICATE_METHOD_MATCH = YES;
				COPY_PHASE_STRIP = NO;
				DEBUG_INFORMATION_FORMAT = dwarf;
				ENABLE_STRICT_OBJC_MSGSEND = YES;
				ENABLE_TESTABILITY = YES;
				GCC_C_LANGUAGE_STANDARD = gnu11;
				GCC_DYNAMIC_NO_PIC = NO;
				GCC_NO_COMMON_BLOCKS = YES;
				GCC_OPTIMIZATION_LEVEL = 0;
				GCC_PREPROCESSOR_DEFINITIONS = (
					"DEBUG=1",
					"$(inherited)",
				);
				GCC_WARN_64_TO_32_BIT_CONVERSION = YES;
				GCC_WARN_ABOUT_RETURN_TYPE = YES_ERROR;
				GCC_WARN_UNDECLARED_SELECTOR = YES;
				GCC_WARN_UNINITIALIZED_AUTOS = YES_AGGRESSIVE;
				GCC_WARN_UNUSED_FUNCTION = YES;
				GCC_WARN_UNUSED_VARIABLE = YES;
				MACOSX_DEPLOYMENT_TARGET = 10.15;
				MTL_ENABLE_DEBUG_INFO = INCLUDE_SOURCE;
				MTL_FAST_MATH = YES;
				ONLY_ACTIVE_ARCH = YES;
				SDKROOT = macosx;
				SWIFT_ACTIVE_COMPILATION_CONDITIONS = DEBUG;
				SWIFT_OPTIMIZATION_LEVEL = "-Onone";
			};
			name = Debug;
		};
		1F67EB9325FA5427008FE01B /* Release */ = {
			isa = XCBuildConfiguration;
			buildSettings = {
				ALWAYS_SEARCH_USER_PATHS = NO;
				CLANG_ANALYZER_NONNULL = YES;
				CLANG_ANALYZER_NUMBER_OBJECT_CONVERSION = YES_AGGRESSIVE;
				CLANG_CXX_LANGUAGE_STANDARD = "gnu++14";
				CLANG_CXX_LIBRARY = "libc++";
				CLANG_ENABLE_MODULES = YES;
				CLANG_ENABLE_OBJC_ARC = YES;
				CLANG_ENABLE_OBJC_WEAK = YES;
				CLANG_WARN_BLOCK_CAPTURE_AUTORELEASING = YES;
				CLANG_WARN_BOOL_CONVERSION = YES;
				CLANG_WARN_COMMA = YES;
				CLANG_WARN_CONSTANT_CONVERSION = YES;
				CLANG_WARN_DEPRECATED_OBJC_IMPLEMENTATIONS = YES;
				CLANG_WARN_DIRECT_OBJC_ISA_USAGE = YES_ERROR;
				CLANG_WARN_DOCUMENTATION_COMMENTS = YES;
				CLANG_WARN_EMPTY_BODY = YES;
				CLANG_WARN_ENUM_CONVERSION = YES;
				CLANG_WARN_INFINITE_RECURSION = YES;
				CLANG_WARN_INT_CONVERSION = YES;
				CLANG_WARN_NON_LITERAL_NULL_CONVERSION = YES;
				CLANG_WARN_OBJC_IMPLICIT_RETAIN_SELF = YES;
				CLANG_WARN_OBJC_LITERAL_CONVERSION = YES;
				CLANG_WARN_OBJC_ROOT_CLASS = YES_ERROR;
				CLANG_WARN_QUOTED_INCLUDE_IN_FRAMEWORK_HEADER = YES;
				CLANG_WARN_RANGE_LOOP_ANALYSIS = YES;
				CLANG_WARN_STRICT_PROTOTYPES = YES;
				CLANG_WARN_SUSPICIOUS_MOVE = YES;
				CLANG_WARN_UNGUARDED_AVAILABILITY = YES_AGGRESSIVE;
				CLANG_WARN_UNREACHABLE_CODE = YES;
				CLANG_WARN__DUPLICATE_METHOD_MATCH = YES;
				COPY_PHASE_STRIP = NO;
				DEBUG_INFORMATION_FORMAT = "dwarf-with-dsym";
				ENABLE_NS_ASSERTIONS = NO;
				ENABLE_STRICT_OBJC_MSGSEND = YES;
				GCC_C_LANGUAGE_STANDARD = gnu11;
				GCC_NO_COMMON_BLOCKS = YES;
				GCC_WARN_64_TO_32_BIT_CONVERSION = YES;
				GCC_WARN_ABOUT_RETURN_TYPE = YES_ERROR;
				GCC_WARN_UNDECLARED_SELECTOR = YES;
				GCC_WARN_UNINITIALIZED_AUTOS = YES_AGGRESSIVE;
				GCC_WARN_UNUSED_FUNCTION = YES;
				GCC_WARN_UNUSED_VARIABLE = YES;
				MACOSX_DEPLOYMENT_TARGET = 10.15;
				MTL_ENABLE_DEBUG_INFO = NO;
				MTL_FAST_MATH = YES;
				SDKROOT = macosx;
				SWIFT_COMPILATION_MODE = wholemodule;
				SWIFT_OPTIMIZATION_LEVEL = "-O";
			};
			name = Release;
		};
		1F67EB9525FA5427008FE01B /* Debug */ = {
			isa = XCBuildConfiguration;
			buildSettings = {
				ASSETCATALOG_COMPILER_APPICON_NAME = AppIcon;
				ASSETCATALOG_COMPILER_GLOBAL_ACCENT_COLOR_NAME = AccentColor;
				CODE_SIGN_ENTITLEMENTS = QuickCode/QuickCode.entitlements;
				CODE_SIGN_STYLE = Automatic;
				COMBINE_HIDPI_IMAGES = YES;
				ENABLE_PREVIEWS = YES;
				INFOPLIST_FILE = QuickCode/Info.plist;
				LD_RUNPATH_SEARCH_PATHS = (
					"$(inherited)",
					"@executable_path/../Frameworks",
				);
				MACOSX_DEPLOYMENT_TARGET = 10.15;
				PRODUCT_BUNDLE_IDENTIFIER = dev.alexisonline.QuickCode;
				PRODUCT_NAME = "$(TARGET_NAME)";
				SWIFT_VERSION = 5.0;
			};
			name = Debug;
		};
		1F67EB9625FA5427008FE01B /* Release */ = {
			isa = XCBuildConfiguration;
			buildSettings = {
				ASSETCATALOG_COMPILER_APPICON_NAME = AppIcon;
				ASSETCATALOG_COMPILER_GLOBAL_ACCENT_COLOR_NAME = AccentColor;
				CODE_SIGN_ENTITLEMENTS = QuickCode/QuickCode.entitlements;
				CODE_SIGN_STYLE = Automatic;
				COMBINE_HIDPI_IMAGES = YES;
				ENABLE_PREVIEWS = YES;
				INFOPLIST_FILE = QuickCode/Info.plist;
				LD_RUNPATH_SEARCH_PATHS = (
					"$(inherited)",
					"@executable_path/../Frameworks",
				);
				MACOSX_DEPLOYMENT_TARGET = 10.15;
				PRODUCT_BUNDLE_IDENTIFIER = dev.alexisonline.QuickCode;
				PRODUCT_NAME = "$(TARGET_NAME)";
				SWIFT_VERSION = 5.0;
			};
			name = Release;
		};
/* End XCBuildConfiguration section */

/* Begin XCConfigurationList section */
		1F67EB7C25FA5424008FE01B /* Build configuration list for PBXProject "QuickCode" */ = {
			isa = XCConfigurationList;
			buildConfigurations = (
				1F67EB9225FA5427008FE01B /* Debug */,
				1F67EB9325FA5427008FE01B /* Release */,
			);
			defaultConfigurationIsVisible = 0;
			defaultConfigurationName = Release;
		};
		1F67EB9425FA5427008FE01B /* Build configuration list for PBXNativeTarget "QuickCode" */ = {
			isa = XCConfigurationList;
			buildConfigurations = (
				1F67EB9525FA5427008FE01B /* Debug */,
				1F67EB9625FA5427008FE01B /* Release */,
			);
			defaultConfigurationIsVisible = 0;
			defaultConfigurationName = Release;
		};
/* End XCConfigurationList section */

/* Begin XCRemoteSwiftPackageReference section */
		1F67EB9C25FA62B9008FE01B /* XCRemoteSwiftPackageReference "RSBarcodes_Swift" */ = {
			isa = XCRemoteSwiftPackageReference;
			repositoryURL = "https://github.com/alexisakers/RSBarcodes_Swift";
			requirement = {
				branch = "aakers/macos-support";
				kind = branch;
			};
		};
/* End XCRemoteSwiftPackageReference section */

/* Begin XCSwiftPackageProductDependency section */
		1F67EB9D25FA62B9008FE01B /* RSBarcodes_Swift */ = {
			isa = XCSwiftPackageProductDependency;
			package = 1F67EB9C25FA62B9008FE01B /* XCRemoteSwiftPackageReference "RSBarcodes_Swift" */;
			productName = RSBarcodes_Swift;
		};
/* End XCSwiftPackageProductDependency section */
	};
	rootObject = 1F67EB7925FA5424008FE01B /* Project object */;
}
